
Microsoft Visual Studio Solution File, Format Version 12.00
# Visual Studio 15
VisualStudioVersion = 15.0.28010.2003
MinimumVisualStudioVersion = 10.0.40219.1
Project("{FAE04EC0-301F-11D3-BF4B-00C04F79EFBC}") = "Tienda", "Tienda\Tienda.csproj", "{FDA59D4E-079E-42D6-9E0C-84A53BCE9750}"
EndProject
Project("{FAE04EC0-301F-11D3-BF4B-00C04F79EFBC}") = "Datos", "Datos\Datos.csproj", "{1C847B09-8BCE-4901-8F88-CAE3F7E6E439}"
EndProject
Project("{FAE04EC0-301F-11D3-BF4B-00C04F79EFBC}") = "Negocio", "Negocio\Negocio.csproj", "{300EF6F6-6A6B-4B4B-8DB5-F845D4976B84}"
EndProject
Project("{E24C65DC-7377-472B-9ABA-BC803B73C61A}") = "Plantilla", "Plantilla\", "{DA633719-3ECC-4F10-BCF5-D33A1072511A}"
	ProjectSection(WebsiteProperties) = preProject
		TargetFrameworkMoniker = ".NETFramework,Version%3Dv4.0"
		Debug.AspNetCompiler.VirtualPath = "/localhost_54754"
		Debug.AspNetCompiler.PhysicalPath = "Plantilla\"
		Debug.AspNetCompiler.TargetPath = "PrecompiledWeb\localhost_54754\"
		Debug.AspNetCompiler.Updateable = "true"
		Debug.AspNetCompiler.ForceOverwrite = "true"
		Debug.AspNetCompiler.FixedNames = "false"
		Debug.AspNetCompiler.Debug = "True"
		Release.AspNetCompiler.VirtualPath = "/localhost_54754"
		Release.AspNetCompiler.PhysicalPath = "Plantilla\"
		Release.AspNetCompiler.TargetPath = "PrecompiledWeb\localhost_54754\"
		Release.AspNetCompiler.Updateable = "true"
		Release.AspNetCompiler.ForceOverwrite = "true"
		Release.AspNetCompiler.FixedNames = "false"
		Release.AspNetCompiler.Debug = "False"
		VWDPort = "54754"
		SlnRelativePath = "Plantilla\"
	EndProjectSection
EndProject
Project("{FAE04EC0-301F-11D3-BF4B-00C04F79EFBC}") = "Comun", "Comun\Comun.csproj", "{DEF9457D-4029-4C76-95BA-A6C1030B6D77}"
EndProject
Global
	GlobalSection(SolutionConfigurationPlatforms) = preSolution
		Debug|Any CPU = Debug|Any CPU
		Release|Any CPU = Release|Any CPU
	EndGlobalSection
	GlobalSection(ProjectConfigurationPlatforms) = postSolution
		{FDA59D4E-079E-42D6-9E0C-84A53BCE9750}.Debug|Any CPU.ActiveCfg = Debug|Any CPU
		{FDA59D4E-079E-42D6-9E0C-84A53BCE9750}.Debug|Any CPU.Build.0 = Debug|Any CPU
		{FDA59D4E-079E-42D6-9E0C-84A53BCE9750}.Release|Any CPU.ActiveCfg = Release|Any CPU
		{FDA59D4E-079E-42D6-9E0C-84A53BCE9750}.Release|Any CPU.Build.0 = Release|Any CPU
		{1C847B09-8BCE-4901-8F88-CAE3F7E6E439}.Debug|Any CPU.ActiveCfg = Debug|Any CPU
		{1C847B09-8BCE-4901-8F88-CAE3F7E6E439}.Debug|Any CPU.Build.0 = Debug|Any CPU
		{1C847B09-8BCE-4901-8F88-CAE3F7E6E439}.Release|Any CPU.ActiveCfg = Release|Any CPU
		{1C847B09-8BCE-4901-8F88-CAE3F7E6E439}.Release|Any CPU.Build.0 = Release|Any CPU
		{300EF6F6-6A6B-4B4B-8DB5-F845D4976B84}.Debug|Any CPU.ActiveCfg = Debug|Any CPU
		{300EF6F6-6A6B-4B4B-8DB5-F845D4976B84}.Debug|Any CPU.Build.0 = Debug|Any CPU
		{300EF6F6-6A6B-4B4B-8DB5-F845D4976B84}.Release|Any CPU.ActiveCfg = Release|Any CPU
		{300EF6F6-6A6B-4B4B-8DB5-F845D4976B84}.Release|Any CPU.Build.0 = Release|Any CPU
		{DA633719-3ECC-4F10-BCF5-D33A1072511A}.Debug|Any CPU.ActiveCfg = Debug|Any CPU
		{DA633719-3ECC-4F10-BCF5-D33A1072511A}.Debug|Any CPU.Build.0 = Debug|Any CPU
		{DA633719-3ECC-4F10-BCF5-D33A1072511A}.Release|Any CPU.ActiveCfg = Debug|Any CPU
		{DA633719-3ECC-4F10-BCF5-D33A1072511A}.Release|Any CPU.Build.0 = Debug|Any CPU
		{DEF9457D-4029-4C76-95BA-A6C1030B6D77}.Debug|Any CPU.ActiveCfg = Debug|Any CPU
		{DEF9457D-4029-4C76-95BA-A6C1030B6D77}.Debug|Any CPU.Build.0 = Debug|Any CPU
		{DEF9457D-4029-4C76-95BA-A6C1030B6D77}.Release|Any CPU.ActiveCfg = Release|Any CPU
		{DEF9457D-4029-4C76-95BA-A6C1030B6D77}.Release|Any CPU.Build.0 = Release|Any CPU
	EndGlobalSection
	GlobalSection(SolutionProperties) = preSolution
		HideSolutionNode = FALSE
	EndGlobalSection
	GlobalSection(ExtensibilityGlobals) = postSolution
		SolutionGuid = {7B740202-8643-44E9-BFA1-A19250528253}
	EndGlobalSection
EndGlobal
